{
  "meteor": {},
  "dependencies": {
    "basePackages": {
      "router": {},
      "marked": {},
      "regulate.js": {},
      "paginate": {}
    },
    "packages": {
      "router": {
        "git": "https://github.com/tmeasday/meteor-router.git",
        "tag": "v0.5.3",
        "commit": "7bd3a1bdd1099625bb8b49406d9b8f961d6f4a17"
      },
      "marked": {
        "git": "https://github.com/chuangbo/meteor-marked.git",
        "tag": "v0.2.8.2",
        "commit": "f5d9d6dbc013ad1bd568fa610eb4d8a479943f18"
      },
      "regulate.js": {
        "git": "https://github.com/eddflrs/regulate-meteor.git",
        "tag": "v0.1.3.4",
        "commit": "fabcebbabcc50f0466fbb0cc9a7c3d010ffa25bf"
      },
      "paginate": {
        "git": "https://github.com/KiqueDev/Meteor-Paginate.git",
        "tag": "v0.0.4",
        "commit": "d0aff2bdd2d2c9c38b897ca9c36f8c5fb6bd063c"
      },
      "page-js-ie-support": {
        "git": "https://github.com/tmeasday/meteor-page-js-ie-support.git",
        "tag": "v1.3.5",
        "commit": "b99ed8380aefd10b2afc8f18d9eed4dd0d8ea9cb"
      }
    }
  }
}
